{
  "name": "my_portfolio",
  "version": "1.0.0",
  "lockfileVersion": 1,
  "requires": true,
  "dependencies": {
    "browser-request": {
      "version": "0.3.3",
      "resolved": "https://registry.npmjs.org/browser-request/-/browser-request-0.3.3.tgz",
      "integrity": "sha1-ns5bWsqJopkyJC4Yv5M975h2zBc="
    },
    "underscore": {
      "version": "1.8.3",
      "resolved": "https://registry.npmjs.org/underscore/-/underscore-1.8.3.tgz",
      "integrity": "sha1-Tz+1OxBuYJf8+ctBCfKl6b36UCI="
    }
  }
}
